
Microsoft Visual Studio Solution File, Format Version 12.00
# Visual Studio Version 16
VisualStudioVersion = 16.0.33328.57
MinimumVisualStudioVersion = 10.0.40219.1
Project("{FAE04EC0-301F-11D3-BF4B-00C04F79EFBC}") = "ConsoleCheckers", "ConsoleCheckers\ConsoleCheckers.csproj", "{F44688FD-92E9-4B77-BE88-2BAA4332B7CB}"
EndProject
Global
	GlobalSection(SolutionConfigurationPlatforms) = preSolution
		Debug|Any CPU = Debug|Any CPU
		Release|Any CPU = Release|Any CPU
	EndGlobalSection
	GlobalSection(ProjectConfigurationPlatforms) = postSolution
		{F44688FD-92E9-4B77-BE88-2BAA4332B7CB}.Debug|Any CPU.ActiveCfg = Debug|Any CPU
		{F44688FD-92E9-4B77-BE88-2BAA4332B7CB}.Debug|Any CPU.Build.0 = Debug|Any CPU
		{F44688FD-92E9-4B77-BE88-2BAA4332B7CB}.Release|Any CPU.ActiveCfg = Release|Any CPU
		{F44688FD-92E9-4B77-BE88-2BAA4332B7CB}.Release|Any CPU.Build.0 = Release|Any CPU
	EndGlobalSection
	GlobalSection(SolutionProperties) = preSolution
		HideSolutionNode = FALSE
	EndGlobalSection
	GlobalSection(ExtensibilityGlobals) = postSolution
		SolutionGuid = {5C434C98-FDC7-43E4-A6DF-369B160F66CB}
	EndGlobalSection
EndGlobal
